
Microsoft Visual Studio Solution File, Format Version 12.00
# Visual Studio 15
VisualStudioVersion = 15.0.27703.2018
MinimumVisualStudioVersion = 10.0.40219.1
Project("{FAE04EC0-301F-11D3-BF4B-00C04F79EFBC}") = "creegithub", "creegithub\creegithub.csproj", "{0779F0A9-D541-4057-9736-544CCBDC560E}"
EndProject
Global
	GlobalSection(SolutionConfigurationPlatforms) = preSolution
		Debug|Any CPU = Debug|Any CPU
		Release|Any CPU = Release|Any CPU
	EndGlobalSection
	GlobalSection(ProjectConfigurationPlatforms) = postSolution
		{0779F0A9-D541-4057-9736-544CCBDC560E}.Debug|Any CPU.ActiveCfg = Debug|Any CPU
		{0779F0A9-D541-4057-9736-544CCBDC560E}.Debug|Any CPU.Build.0 = Debug|Any CPU
		{0779F0A9-D541-4057-9736-544CCBDC560E}.Release|Any CPU.ActiveCfg = Release|Any CPU
		{0779F0A9-D541-4057-9736-544CCBDC560E}.Release|Any CPU.Build.0 = Release|Any CPU
	EndGlobalSection
	GlobalSection(SolutionProperties) = preSolution
		HideSolutionNode = FALSE
	EndGlobalSection
	GlobalSection(ExtensibilityGlobals) = postSolution
		SolutionGuid = {788E3BD9-C89E-4CC7-B01B-CEA0314C713B}
	EndGlobalSection
EndGlobal
